
Microsoft Visual Studio Solution File, Format Version 12.00
# Visual Studio Version 16
VisualStudioVersion = 16.0.31729.503
MinimumVisualStudioVersion = 10.0.40219.1
Project("{9A19103F-16F7-4668-BE54-9A1E7A4F7556}") = "DataBase", "DataBase\DataBase.csproj", "{C3C25891-7921-4C02-ACB9-57D3273CB7BA}"
EndProject
Project("{FAE04EC0-301F-11D3-BF4B-00C04F79EFBC}") = "TestingDB", "TestingDB\TestingDB.csproj", "{B005ED39-83B9-4BBE-AF05-9F6A36FCCAA7}"
EndProject
Global
	GlobalSection(SolutionConfigurationPlatforms) = preSolution
		Debug|Any CPU = Debug|Any CPU
		Release|Any CPU = Release|Any CPU
	EndGlobalSection
	GlobalSection(ProjectConfigurationPlatforms) = postSolution
		{C3C25891-7921-4C02-ACB9-57D3273CB7BA}.Debug|Any CPU.ActiveCfg = Debug|Any CPU
		{C3C25891-7921-4C02-ACB9-57D3273CB7BA}.Debug|Any CPU.Build.0 = Debug|Any CPU
		{C3C25891-7921-4C02-ACB9-57D3273CB7BA}.Release|Any CPU.ActiveCfg = Release|Any CPU
		{C3C25891-7921-4C02-ACB9-57D3273CB7BA}.Release|Any CPU.Build.0 = Release|Any CPU
		{B005ED39-83B9-4BBE-AF05-9F6A36FCCAA7}.Debug|Any CPU.ActiveCfg = Debug|Any CPU
		{B005ED39-83B9-4BBE-AF05-9F6A36FCCAA7}.Debug|Any CPU.Build.0 = Debug|Any CPU
		{B005ED39-83B9-4BBE-AF05-9F6A36FCCAA7}.Release|Any CPU.ActiveCfg = Release|Any CPU
		{B005ED39-83B9-4BBE-AF05-9F6A36FCCAA7}.Release|Any CPU.Build.0 = Release|Any CPU
	EndGlobalSection
	GlobalSection(SolutionProperties) = preSolution
		HideSolutionNode = FALSE
	EndGlobalSection
	GlobalSection(ExtensibilityGlobals) = postSolution
		SolutionGuid = {CAF99CD3-F36F-404A-BC7B-2374B6F4B285}
	EndGlobalSection
EndGlobal
